
Microsoft Visual Studio Solution File, Format Version 12.00
# Visual Studio 14
VisualStudioVersion = 14.0.25420.1
MinimumVisualStudioVersion = 10.0.40219.1
Project("{FAE04EC0-301F-11D3-BF4B-00C04F79EFBC}") = "PhonebookApi", "PhonebookApi\PhonebookApi.csproj", "{B04D629E-A4FB-4843-B992-F54BFA48B79A}"
EndProject
Project("{FAE04EC0-301F-11D3-BF4B-00C04F79EFBC}") = "BusinessLayer", "BusinessLayer\BusinessLayer.csproj", "{10BEC019-28B2-45CC-BD70-7FF5A12FFE60}"
EndProject
Project("{FAE04EC0-301F-11D3-BF4B-00C04F79EFBC}") = "DataLayer", "DataLayer\DataLayer.csproj", "{AD9D1CBE-D9D6-4978-831C-30AEA8ABCC44}"
EndProject
Global
	GlobalSection(SolutionConfigurationPlatforms) = preSolution
		Debug|Any CPU = Debug|Any CPU
		Release|Any CPU = Release|Any CPU
	EndGlobalSection
	GlobalSection(ProjectConfigurationPlatforms) = postSolution
		{B04D629E-A4FB-4843-B992-F54BFA48B79A}.Debug|Any CPU.ActiveCfg = Debug|Any CPU
		{B04D629E-A4FB-4843-B992-F54BFA48B79A}.Debug|Any CPU.Build.0 = Debug|Any CPU
		{B04D629E-A4FB-4843-B992-F54BFA48B79A}.Release|Any CPU.ActiveCfg = Release|Any CPU
		{B04D629E-A4FB-4843-B992-F54BFA48B79A}.Release|Any CPU.Build.0 = Release|Any CPU
		{10BEC019-28B2-45CC-BD70-7FF5A12FFE60}.Debug|Any CPU.ActiveCfg = Debug|Any CPU
		{10BEC019-28B2-45CC-BD70-7FF5A12FFE60}.Debug|Any CPU.Build.0 = Debug|Any CPU
		{10BEC019-28B2-45CC-BD70-7FF5A12FFE60}.Release|Any CPU.ActiveCfg = Release|Any CPU
		{10BEC019-28B2-45CC-BD70-7FF5A12FFE60}.Release|Any CPU.Build.0 = Release|Any CPU
		{AD9D1CBE-D9D6-4978-831C-30AEA8ABCC44}.Debug|Any CPU.ActiveCfg = Debug|Any CPU
		{AD9D1CBE-D9D6-4978-831C-30AEA8ABCC44}.Debug|Any CPU.Build.0 = Debug|Any CPU
		{AD9D1CBE-D9D6-4978-831C-30AEA8ABCC44}.Release|Any CPU.ActiveCfg = Release|Any CPU
		{AD9D1CBE-D9D6-4978-831C-30AEA8ABCC44}.Release|Any CPU.Build.0 = Release|Any CPU
	EndGlobalSection
	GlobalSection(SolutionProperties) = preSolution
		HideSolutionNode = FALSE
	EndGlobalSection
EndGlobal
